{
    "_meta": {
        "hash": {
            "sha256": "37c222b214c1cb677d5ffffa2c5b57a289c25d67480117bf4b4cd93ee31aea0e"
        },
        "pipfile-spec": 6,
        "requires": {
            "python_version": "3.7"
        },
        "sources": [
            {
                "name": "pypi",
                "url": "https://pypi.org/simple",
                "verify_ssl": true
            }
        ]
    },
    "default": {
        "attrs": {
            "hashes": [
                "sha256:08a96c641c3a74e44eb59afb61a24f2cb9f4d7188748e76ba4bb5edfa3cb7d1c",
                "sha256:f7b7ce16570fe9965acd6d30101a28f62fb4a7f9e926b3bbc9b61f8b04247e72"
            ],
            "version": "==19.3.0"
        },
        "cachetools": {
            "hashes": [
                "sha256:9a52dd97a85f257f4e4127f15818e71a0c7899f121b34591fcc1173ea79a0198",
                "sha256:b304586d357c43221856be51d73387f93e2a961598a9b6b6670664746f3b6c6c"
            ],
            "version": "==4.0.0"
        },
        "certifi": {
            "hashes": [
                "sha256:017c25db2a153ce562900032d5bc68e9f191e44e9a0f762f373977de9df1fbb3",
                "sha256:25b64c7da4cd7479594d035c08c2d809eb4aab3a26e5a990ea98cc450c320f1f"
            ],
            "version": "==2019.11.28"
        },
        "chardet": {
            "hashes": [
                "sha256:84ab92ed1c4d4f16916e05906b6b75a6c0fb5db821cc65e70cbd64a3e2a5eaae",
                "sha256:fc323ffcaeaed0e0a02bf4d117757b98aed530d9ed4531e3e15460124c106691"
            ],
            "version": "==3.0.4"
        },
        "coverage": {
            "hashes": [
                "sha256:0101888bd1592a20ccadae081ba10e8b204d20235d18d05c6f7d5e904a38fc10",
                "sha256:04b961862334687549eb91cd5178a6fbe977ad365bddc7c60f2227f2f9880cf4",
                "sha256:1ca43dbd739c0fc30b0a3637a003a0d2c7edc1dd618359d58cc1e211742f8bd1",
                "sha256:1cbb88b34187bdb841f2599770b7e6ff8e259dc3bb64fc7893acf44998acf5f8",
                "sha256:232f0b52a5b978288f0bbc282a6c03fe48cd19a04202df44309919c142b3bb9c",
                "sha256:24bcfa86fd9ce86b73a8368383c39d919c497a06eebb888b6f0c12f13e920b1a",
                "sha256:25b8f60b5c7da71e64c18888f3067d5b6f1334b9681876b2fb41eea26de881ae",
                "sha256:2714160a63da18aed9340c70ed514973971ee7e665e6b336917ff4cca81a25b1",
                "sha256:2ca2cd5264e84b2cafc73f0045437f70c6378c0d7dbcddc9ee3fe192c1e29e5d",
                "sha256:2cc707fc9aad2592fc686d63ef72dc0031fc98b6fb921d2f5395d9ab84fbc3ef",
                "sha256:348630edea485f4228233c2f310a598abf8afa5f8c716c02a9698089687b6085",
                "sha256:40fbfd6b044c9db13aeec1daf5887d322c710d811f944011757526ef6e323fd9",
                "sha256:46c9c6a1d1190c0b75ec7c0f339088309952b82ae8d67a79ff1319eb4e749b96",
                "sha256:591506e088901bdc25620c37aec885e82cc896528f28c57e113751e3471fc314",
                "sha256:5ac71bba1e07eab403b082c4428f868c1c9e26a21041436b4905c4c3d4e49b08",
                "sha256:5f622f19abda4e934938e24f1d67599249abc201844933a6f01aaa8663094489",
                "sha256:65bead1ac8c8930cf92a1ccaedcce19a57298547d5d1db5c9d4d068a0675c38b",
                "sha256:7362a7f829feda10c7265b553455de596b83d1623b3d436b6d3c51c688c57bf6",
                "sha256:7f2675750c50151f806070ec11258edf4c328340916c53bac0adbc465abd6b1e",
                "sha256:960d7f42277391e8b1c0b0ae427a214e1b31a1278de6b73f8807b20c2e913bba",
                "sha256:a50b0888d8a021a3342d36a6086501e30de7d840ab68fca44913e97d14487dc1",
                "sha256:b7dbc5e8c39ea3ad3db22715f1b5401cd698a621218680c6daf42c2f9d36e205",
                "sha256:bb3d29df5d07d5399d58a394d0ef50adf303ab4fbf66dfd25b9ef258effcb692",
                "sha256:c0fff2733f7c2950f58a4fd09b5db257b00c6fec57bf3f68c5bae004d804b407",
                "sha256:c792d3707a86c01c02607ae74364854220fb3e82735f631cd0a345dea6b4cee5",
                "sha256:c90bda74e16bcd03861b09b1d37c0a4158feda5d5a036bb2d6e58de6ff65793e",
                "sha256:cfce79ce41cc1a1dc7fc85bb41eeeb32d34a4cf39a645c717c0550287e30ff06",
                "sha256:eeafb646f374988c22c8e6da5ab9fb81367ecfe81c70c292623373d2a021b1a1",
                "sha256:f425f50a6dd807cb9043d15a4fcfba3b5874a54d9587ccbb748899f70dc18c47",
                "sha256:fcd4459fe35a400b8f416bc57906862693c9f88b66dc925e7f2a933e77f6b18b",
                "sha256:ff3936dd5feaefb4f91c8c1f50a06c588b5dc69fba4f7d9c79a6617ad80bb7df"
            ],
            "index": "pypi",
            "version": "==5.0.1"
        },
        "google-api-core": {
            "hashes": [
                "sha256:2d661c8d650a1df5805d0e360121cb55c55d8bd29f858fa62cbe943e59ce89f7",
                "sha256:9006e1641599345056cc690a934e1262107c78d969d72cf96412f6db5d32147f"
            ],
            "version": "==1.15.0"
        },
        "google-auth": {
            "hashes": [
                "sha256:7bb2034a3a290190cf4e3eb8ebf29e5025c90f0b06a00ba4d1fb94bf0c6448f7",
                "sha256:c57074e594d2c6e3e316162734e8af3e15d40252022e69414cba67de66594417"
            ],
            "version": "==1.10.0"
        },
        "google-cloud-bigquery": {
            "hashes": [
                "sha256:7e4c54a5256d9b1fe17dd08fd964ad8d8c67007a1b2c782838c77fdb2d594ccc",
                "sha256:99c341592d711d8f131fe80d842f7e1b04b2ca1faefa1ffedf4dec1b382cebf6"
            ],
            "index": "pypi",
            "version": "==1.23.1"
        },
        "google-cloud-core": {
            "hashes": [
                "sha256:49036087c1170c3fad026e45189f17092b8c584a9accb2d73d1854f494e223ae",
                "sha256:63c93d989d92a782efe8d9606ea2ad37673361ab0c3e7f965a5640d30ff14f20"
            ],
            "version": "==1.1.0"
        },
        "google-cloud-storage": {
            "hashes": [
                "sha256:9f59c100d3940e38567c48d54cf1a2e7591a2f38e9693dfc11a242d5e54a1626",
                "sha256:c66e876ae9547884fa42566a2ebfec51d280f488d7a058af9611ba90c78bed78"
            ],
            "index": "pypi",
            "version": "==1.23.0"
        },
        "google-resumable-media": {
            "hashes": [
                "sha256:2a8fd188afe1cbfd5998bf20602f76b0336aa892de88fe842a806b9a3ed78d2a",
                "sha256:b86140d5a0b6d290084b11bde90ee9aecad357ba0e0d67388d016b8340320927"
            ],
            "version": "==0.5.0"
        },
        "googleapis-common-protos": {
            "hashes": [
                "sha256:e61b8ed5e36b976b487c6e7b15f31bb10c7a0ca7bd5c0e837f4afab64b53a0c6"
            ],
            "version": "==1.6.0"
        },
        "idna": {
            "hashes": [
                "sha256:c357b3f628cf53ae2c4c05627ecc484553142ca23264e593d327bcde5e9c3407",
                "sha256:ea8b7f6188e6fa117537c3df7da9fc686d485087abf6ac197f9c46432f7e4a3c"
            ],
            "version": "==2.8"
        },
        "importlib-metadata": {
            "hashes": [
                "sha256:073a852570f92da5f744a3472af1b61e28e9f78ccf0c9117658dc32b15de7b45",
                "sha256:d95141fbfa7ef2ec65cfd945e2af7e5a6ddbd7c8d9a25e66ff3be8e3daf9f60f"
            ],
            "markers": "python_version < '3.8'",
            "version": "==1.3.0"
        },
        "mock": {
            "hashes": [
                "sha256:83657d894c90d5681d62155c82bda9c1187827525880eda8ff5df4ec813437c3",
                "sha256:d157e52d4e5b938c550f39eb2fd15610db062441a9c2747d3dbfa9298211d0f8"
            ],
            "index": "pypi",
            "version": "==3.0.5"
        },
        "more-itertools": {
            "hashes": [
                "sha256:b84b238cce0d9adad5ed87e745778d20a3f8487d0f0cb8b8a586816c7496458d",
                "sha256:c833ef592a0324bcc6a60e48440da07645063c453880c9477ceb22490aec1564"
            ],
            "version": "==8.0.2"
        },
        "packaging": {
            "hashes": [
                "sha256:28b924174df7a2fa32c1953825ff29c61e2f5e082343165438812f00d3a7fc47",
                "sha256:d9551545c6d761f3def1677baf08ab2a3ca17c56879e70fecba2fc4dde4ed108"
            ],
            "version": "==19.2"
        },
        "pluggy": {
            "hashes": [
                "sha256:15b2acde666561e1298d71b523007ed7364de07029219b604cf808bfa1c765b0",
                "sha256:966c145cd83c96502c3c3868f50408687b38434af77734af1e9ca461a4081d2d"
            ],
            "version": "==0.13.1"
        },
        "protobuf": {
            "hashes": [
                "sha256:0329e86a397db2a83f9dcbe21d9be55a47f963cdabc893c3a24f4d3a8f117c37",
                "sha256:0a7219254afec0d488211f3d482d8ed57e80ae735394e584a98d8f30a8c88a36",
                "sha256:14d6ac53df9cb5bb87c4f91b677c1bc5cec9c0fd44327f367a3c9562de2877c4",
                "sha256:180fc364b42907a1d2afa183ccbeffafe659378c236b1ec3daca524950bb918d",
                "sha256:3d7a7d8d20b4e7a8f63f62de2d192cfd8b7a53c56caba7ece95367ca2b80c574",
                "sha256:3f509f7e50d806a434fe4a5fbf602516002a0f092889209fff7db82060efffc0",
                "sha256:4571da974019849201fc1ec6626b9cea54bd11b6bed140f8f737c0a33ea37de5",
                "sha256:56bd1d84fbf4505c7b73f04de987eef5682e5752c811141b0186a3809bfb396f",
                "sha256:680c668d00b5eff08b86aef9e5ba9a705e621ea05d39071cfea8e28cb2400946",
                "sha256:6b5b947dc8b3f2aec0eaad65b0b5113fcd642c358c31357c647da6281ee31104",
                "sha256:6e96dffaf4d0a9a329e528b353ba62fd9ef13599688723d96bc9c165d0b6871e",
                "sha256:919f0d6f6addc836d08658eba3b52be2e92fd3e76da3ce00c325d8e9826d17c7",
                "sha256:9c7b19c30cf0644afd0e4218b13f637ce54382fdcb1c8f75bf3e84e49a5f6d0a",
                "sha256:a2e6f57114933882ec701807f217df2fb4588d47f71f227c0a163446b930d507",
                "sha256:a6b970a2eccfcbabe1acf230fbf112face1c4700036c95e195f3554d7bcb04c1",
                "sha256:bc45641cbcdea068b67438244c926f9fd3e5cbdd824448a4a64370610df7c593",
                "sha256:d61b14a9090da77fe87e38ba4c6c43d3533dcbeb5d84f5474e7ac63c532dcc9c",
                "sha256:d6faf5dbefb593e127463f58076b62fcfe0784187be8fe1aa9167388f24a22a1"
            ],
            "version": "==3.11.2"
        },
        "py": {
            "hashes": [
                "sha256:5e27081401262157467ad6e7f851b7aa402c5852dbcb3dae06768434de5752aa",
                "sha256:c20fdd83a5dbc0af9efd622bee9a5564e278f6380fffcacc43ba6f43db2813b0"
            ],
            "version": "==1.8.1"
        },
        "pyasn1": {
            "hashes": [
                "sha256:39c7e2ec30515947ff4e87fb6f456dfc6e84857d34be479c9d4a4ba4bf46aa5d",
                "sha256:aef77c9fb94a3ac588e87841208bdec464471d9871bd5050a287cc9a475cd0ba"
            ],
            "version": "==0.4.8"
        },
        "pyasn1-modules": {
            "hashes": [
                "sha256:0c35a52e00b672f832e5846826f1fb7507907f7d52fba6faa9e3c4cbe874fe4b",
                "sha256:b6ada4f840fe51abf5a6bd545b45bf537bea62221fa0dde2e8a553ed9f06a4e3"
            ],
            "version": "==0.2.7"
        },
        "pyparsing": {
            "hashes": [
                "sha256:4c830582a84fb022400b85429791bc551f1f4871c33f23e44f353119e92f969f",
                "sha256:c342dccb5250c08d45fd6f8b4a559613ca603b57498511740e65cd11a2e7dcec"
            ],
            "version": "==2.4.6"
        },
        "pytest": {
            "hashes": [
                "sha256:6b571215b5a790f9b41f19f3531c53a45cf6bb8ef2988bc1ff9afb38270b25fa",
                "sha256:e41d489ff43948babd0fad7ad5e49b8735d5d55e26628a58673c39ff61d95de4"
            ],
            "index": "pypi",
            "version": "==5.3.2"
        },
        "python-dotenv": {
            "hashes": [
                "sha256:debd928b49dbc2bf68040566f55cdb3252458036464806f4094487244e2a4093",
                "sha256:f157d71d5fec9d4bd5f51c82746b6344dffa680ee85217c123f4a0c8117c4544"
            ],
            "index": "pypi",
            "version": "==0.10.3"
        },
        "pytz": {
            "hashes": [
                "sha256:1c557d7d0e871de1f5ccd5833f60fb2550652da6be2693c1e02300743d21500d",
                "sha256:b02c06db6cf09c12dd25137e563b31700d3b80fcc4ad23abb7a315f2789819be"
            ],
            "version": "==2019.3"
        },
        "requests": {
            "hashes": [
                "sha256:11e007a8a2aa0323f5a921e9e6a2d7e4e67d9877e85773fba9ba6419025cbeb4",
                "sha256:9cf5292fcd0f598c671cfc1e0d7d1a7f13bb8085e9a590f48c010551dc6c4b31"
            ],
            "version": "==2.22.0"
        },
        "rsa": {
            "hashes": [
                "sha256:14ba45700ff1ec9eeb206a2ce76b32814958a98e372006c8fb76ba820211be66",
                "sha256:1a836406405730121ae9823e19c6e806c62bbad73f890574fff50efa4122c487"
            ],
            "version": "==4.0"
        },
        "six": {
            "hashes": [
                "sha256:1f1b7d42e254082a9db6279deae68afb421ceba6158efa6131de7b3003ee93fd",
                "sha256:30f610279e8b2578cab6db20741130331735c781b56053c59c4076da27f06b66"
            ],
            "version": "==1.13.0"
        },
        "urllib3": {
            "hashes": [
                "sha256:a8a318824cc77d1fd4b2bec2ded92646630d7fe8619497b142c84a9e6f5a7293",
                "sha256:f3c5fd51747d450d4dcf6f923c81f78f811aab8205fda64b0aba34a4e48b0745"
            ],
            "version": "==1.25.7"
        },
        "wcwidth": {
            "hashes": [
                "sha256:3df37372226d6e63e1b1e1eda15c594bca98a22d33a23832a90998faa96bc65e",
                "sha256:f4ebe71925af7b40a864553f761ed559b43544f8f71746c2d756c7fe788ade7c"
            ],
            "version": "==0.1.7"
        },
        "zipp": {
            "hashes": [
                "sha256:3718b1cbcd963c7d4c5511a8240812904164b7f381b647143a89d3b98f9bcd8e",
                "sha256:f06903e9f1f43b12d371004b4ac7b06ab39a44adc747266928ae6debfa7b3335"
            ],
            "version": "==0.6.0"
        }
    },
    "develop": {}
}
